
Microsoft Visual Studio Solution File, Format Version 12.00
# Visual Studio 15
VisualStudioVersion = 15.0.27703.2042
MinimumVisualStudioVersion = 10.0.40219.1
Project("{9A19103F-16F7-4668-BE54-9A1E7A4F7556}") = "api", "WebApplication1\api.csproj", "{A8D5B929-BC65-408C-BBD0-DA2345F01FAB}"
EndProject
Global
	GlobalSection(SolutionConfigurationPlatforms) = preSolution
		Debug|Any CPU = Debug|Any CPU
		Release|Any CPU = Release|Any CPU
	EndGlobalSection
	GlobalSection(ProjectConfigurationPlatforms) = postSolution
		{A8D5B929-BC65-408C-BBD0-DA2345F01FAB}.Debug|Any CPU.ActiveCfg = Debug|Any CPU
		{A8D5B929-BC65-408C-BBD0-DA2345F01FAB}.Debug|Any CPU.Build.0 = Debug|Any CPU
		{A8D5B929-BC65-408C-BBD0-DA2345F01FAB}.Release|Any CPU.ActiveCfg = Release|Any CPU
		{A8D5B929-BC65-408C-BBD0-DA2345F01FAB}.Release|Any CPU.Build.0 = Release|Any CPU
	EndGlobalSection
	GlobalSection(SolutionProperties) = preSolution
		HideSolutionNode = FALSE
	EndGlobalSection
	GlobalSection(ExtensibilityGlobals) = postSolution
		SolutionGuid = {0FB51F07-811B-4671-BF3E-812BC052A0E9}
	EndGlobalSection
EndGlobal
